
Microsoft Visual Studio Solution File, Format Version 12.00
# Visual Studio Version 16
VisualStudioVersion = 16.0.31605.320
MinimumVisualStudioVersion = 10.0.40219.1
Project("{9A19103F-16F7-4668-BE54-9A1E7A4F7556}") = "dell风扇控制", "dell风扇控制\dell风扇控制.csproj", "{30DA338F-D553-4CBA-AC1B-88F13F3B500A}"
EndProject
Project("{FAE04EC0-301F-11D3-BF4B-00C04F79EFBC}") = "DellSmbiosSmiLib", "DellSmbiosSmiLib\DellSmbiosSmiLib.csproj", "{C7B8C793-52D8-493B-84FD-5670C4A6585D}"
EndProject
Project("{FAE04EC0-301F-11D3-BF4B-00C04F79EFBC}") = "DellSmbiosBzhLib", "DellSmbiosBzhLib\DellSmbiosBzhLib.csproj", "{84CECE63-519A-406B-BB8F-2991F6191817}"
EndProject
Project("{FAE04EC0-301F-11D3-BF4B-00C04F79EFBC}") = "cmd控制风扇", "cmd控制风扇\cmd控制风扇.csproj", "{6F070DC0-DD6F-4F8A-8440-1510D6BCC8C7}"
EndProject
Global
	GlobalSection(SolutionConfigurationPlatforms) = preSolution
		Debug|Any CPU = Debug|Any CPU
		Release|Any CPU = Release|Any CPU
	EndGlobalSection
	GlobalSection(ProjectConfigurationPlatforms) = postSolution
		{30DA338F-D553-4CBA-AC1B-88F13F3B500A}.Debug|Any CPU.ActiveCfg = Debug|Any CPU
		{30DA338F-D553-4CBA-AC1B-88F13F3B500A}.Debug|Any CPU.Build.0 = Debug|Any CPU
		{30DA338F-D553-4CBA-AC1B-88F13F3B500A}.Release|Any CPU.ActiveCfg = Release|Any CPU
		{30DA338F-D553-4CBA-AC1B-88F13F3B500A}.Release|Any CPU.Build.0 = Release|Any CPU
		{C7B8C793-52D8-493B-84FD-5670C4A6585D}.Debug|Any CPU.ActiveCfg = Debug|Any CPU
		{C7B8C793-52D8-493B-84FD-5670C4A6585D}.Debug|Any CPU.Build.0 = Debug|Any CPU
		{C7B8C793-52D8-493B-84FD-5670C4A6585D}.Release|Any CPU.ActiveCfg = Release|Any CPU
		{C7B8C793-52D8-493B-84FD-5670C4A6585D}.Release|Any CPU.Build.0 = Release|Any CPU
		{84CECE63-519A-406B-BB8F-2991F6191817}.Debug|Any CPU.ActiveCfg = Debug|Any CPU
		{84CECE63-519A-406B-BB8F-2991F6191817}.Debug|Any CPU.Build.0 = Debug|Any CPU
		{84CECE63-519A-406B-BB8F-2991F6191817}.Release|Any CPU.ActiveCfg = Release|Any CPU
		{84CECE63-519A-406B-BB8F-2991F6191817}.Release|Any CPU.Build.0 = Release|Any CPU
		{6F070DC0-DD6F-4F8A-8440-1510D6BCC8C7}.Debug|Any CPU.ActiveCfg = Debug|Any CPU
		{6F070DC0-DD6F-4F8A-8440-1510D6BCC8C7}.Debug|Any CPU.Build.0 = Debug|Any CPU
		{6F070DC0-DD6F-4F8A-8440-1510D6BCC8C7}.Release|Any CPU.ActiveCfg = Release|Any CPU
		{6F070DC0-DD6F-4F8A-8440-1510D6BCC8C7}.Release|Any CPU.Build.0 = Release|Any CPU
	EndGlobalSection
	GlobalSection(SolutionProperties) = preSolution
		HideSolutionNode = FALSE
	EndGlobalSection
	GlobalSection(ExtensibilityGlobals) = postSolution
		SolutionGuid = {9870F764-D85E-4D8B-AF52-D3E7A0F78AC6}
	EndGlobalSection
EndGlobal
